
Microsoft Visual Studio Solution File, Format Version 12.00
# Visual Studio 15
VisualStudioVersion = 15.0.26403.7
MinimumVisualStudioVersion = 10.0.40219.1
Project("{FAE04EC0-301F-11D3-BF4B-00C04F79EFBC}") = "ModernStoreDDD.Domain", "ModernStoreDDD.Domain\ModernStoreDDD.Domain.csproj", "{F5017839-C8D1-446D-A2FA-2AAA1FC46CBB}"
EndProject
Project("{FAE04EC0-301F-11D3-BF4B-00C04F79EFBC}") = "WebStoreDDD.SheredKernel", "WebStoreDDD.SheredKernel\WebStoreDDD.SheredKernel.csproj", "{5D81A503-9F2C-404D-9AC8-F4333CB8C44F}"
EndProject
Project("{FAE04EC0-301F-11D3-BF4B-00C04F79EFBC}") = "ModernStoreDDD.Domain.Test", "ModernStoreDDD.Domain.Test\ModernStoreDDD.Domain.Test.csproj", "{5DD94E33-3A6D-4B95-8224-1483EF01C96C}"
EndProject
Project("{2150E333-8FDC-42A3-9474-1A3956D46DE8}") = "Domain", "Domain", "{9E508FC6-4703-4C00-BD05-401703FEA406}"
EndProject
Project("{2150E333-8FDC-42A3-9474-1A3956D46DE8}") = "SheredKernel", "SheredKernel", "{86C96D75-D179-451D-BEFA-EE8D33765323}"
EndProject
Project("{2150E333-8FDC-42A3-9474-1A3956D46DE8}") = "Tests", "Tests", "{E65B5F54-F7F1-46B3-AFCD-3F89A50E4DFB}"
EndProject
Global
	GlobalSection(SolutionConfigurationPlatforms) = preSolution
		Debug|Any CPU = Debug|Any CPU
		Release|Any CPU = Release|Any CPU
	EndGlobalSection
	GlobalSection(ProjectConfigurationPlatforms) = postSolution
		{F5017839-C8D1-446D-A2FA-2AAA1FC46CBB}.Debug|Any CPU.ActiveCfg = Debug|Any CPU
		{F5017839-C8D1-446D-A2FA-2AAA1FC46CBB}.Debug|Any CPU.Build.0 = Debug|Any CPU
		{F5017839-C8D1-446D-A2FA-2AAA1FC46CBB}.Release|Any CPU.ActiveCfg = Release|Any CPU
		{F5017839-C8D1-446D-A2FA-2AAA1FC46CBB}.Release|Any CPU.Build.0 = Release|Any CPU
		{5D81A503-9F2C-404D-9AC8-F4333CB8C44F}.Debug|Any CPU.ActiveCfg = Debug|Any CPU
		{5D81A503-9F2C-404D-9AC8-F4333CB8C44F}.Debug|Any CPU.Build.0 = Debug|Any CPU
		{5D81A503-9F2C-404D-9AC8-F4333CB8C44F}.Release|Any CPU.ActiveCfg = Release|Any CPU
		{5D81A503-9F2C-404D-9AC8-F4333CB8C44F}.Release|Any CPU.Build.0 = Release|Any CPU
		{5DD94E33-3A6D-4B95-8224-1483EF01C96C}.Debug|Any CPU.ActiveCfg = Debug|Any CPU
		{5DD94E33-3A6D-4B95-8224-1483EF01C96C}.Debug|Any CPU.Build.0 = Debug|Any CPU
		{5DD94E33-3A6D-4B95-8224-1483EF01C96C}.Release|Any CPU.ActiveCfg = Release|Any CPU
		{5DD94E33-3A6D-4B95-8224-1483EF01C96C}.Release|Any CPU.Build.0 = Release|Any CPU
	EndGlobalSection
	GlobalSection(SolutionProperties) = preSolution
		HideSolutionNode = FALSE
	EndGlobalSection
	GlobalSection(NestedProjects) = preSolution
		{F5017839-C8D1-446D-A2FA-2AAA1FC46CBB} = {9E508FC6-4703-4C00-BD05-401703FEA406}
		{5D81A503-9F2C-404D-9AC8-F4333CB8C44F} = {86C96D75-D179-451D-BEFA-EE8D33765323}
		{5DD94E33-3A6D-4B95-8224-1483EF01C96C} = {E65B5F54-F7F1-46B3-AFCD-3F89A50E4DFB}
	EndGlobalSection
EndGlobal
